// !$*UTF8*$!
{
	archiveVersion = 1;
	classes = {
	};
	objectVersion = 56;
	objects = {

/* Begin PBXBuildFile section */
		4EB12EC36B9B545076C91B6A /* Pods_Spotify.framework in Frameworks */ = {isa = PBXBuildFile; fileRef = 6976F73A3252DFE5AD91D024 /* Pods_Spotify.framework */; };
		99A82B852AF0EF8000B915C7 /* AppDelegate.swift in Sources */ = {isa = PBXBuildFile; fileRef = 99A82B842AF0EF8000B915C7 /* AppDelegate.swift */; };
		99A82B872AF0EF8000B915C7 /* SceneDelegate.swift in Sources */ = {isa = PBXBuildFile; fileRef = 99A82B862AF0EF8000B915C7 /* SceneDelegate.swift */; };
		99A82B892AF0EF8000B915C7 /* HomeViewController.swift in Sources */ = {isa = PBXBuildFile; fileRef = 99A82B882AF0EF8000B915C7 /* HomeViewController.swift */; };
		99A82B8E2AF0EF8300B915C7 /* Assets.xcassets in Resources */ = {isa = PBXBuildFile; fileRef = 99A82B8D2AF0EF8300B915C7 /* Assets.xcassets */; };
		99A82B912AF0EF8300B915C7 /* LaunchScreen.storyboard in Resources */ = {isa = PBXBuildFile; fileRef = 99A82B8F2AF0EF8300B915C7 /* LaunchScreen.storyboard */; };
		99A82BA02AF0FC3C00B915C7 /* TabBarViewController.swift in Sources */ = {isa = PBXBuildFile; fileRef = 99A82B9F2AF0FC3C00B915C7 /* TabBarViewController.swift */; };
		99A82BA22AF0FC9100B915C7 /* SearchViewController.swift in Sources */ = {isa = PBXBuildFile; fileRef = 99A82BA12AF0FC9100B915C7 /* SearchViewController.swift */; };
		99A82BA42AF0FCAC00B915C7 /* LibraryViewController.swift in Sources */ = {isa = PBXBuildFile; fileRef = 99A82BA32AF0FCAC00B915C7 /* LibraryViewController.swift */; };
		99A82BA82AF0FCCD00B915C7 /* AuthViewController.swift in Sources */ = {isa = PBXBuildFile; fileRef = 99A82BA72AF0FCCD00B915C7 /* AuthViewController.swift */; };
		99A82BAA2AF0FCDC00B915C7 /* WelcomeViewController.swift in Sources */ = {isa = PBXBuildFile; fileRef = 99A82BA92AF0FCDC00B915C7 /* WelcomeViewController.swift */; };
		99A82BAC2AF0FCEC00B915C7 /* SettingsViewController.swift in Sources */ = {isa = PBXBuildFile; fileRef = 99A82BAB2AF0FCEC00B915C7 /* SettingsViewController.swift */; };
		99A82BAE2AF0FCF800B915C7 /* ProfileViewController.swift in Sources */ = {isa = PBXBuildFile; fileRef = 99A82BAD2AF0FCF800B915C7 /* ProfileViewController.swift */; };
		99A82BB02AF0FD0500B915C7 /* PlayerViewController.swift in Sources */ = {isa = PBXBuildFile; fileRef = 99A82BAF2AF0FD0500B915C7 /* PlayerViewController.swift */; };
		99A82BB22AF0FD1700B915C7 /* PlaylistViewController.swift in Sources */ = {isa = PBXBuildFile; fileRef = 99A82BB12AF0FD1700B915C7 /* PlaylistViewController.swift */; };
		99A82BB42AF0FD2700B915C7 /* SearchResultsViewController.swift in Sources */ = {isa = PBXBuildFile; fileRef = 99A82BB32AF0FD2700B915C7 /* SearchResultsViewController.swift */; };
		99A82BB62AF0FD5200B915C7 /* AuthManager.swift in Sources */ = {isa = PBXBuildFile; fileRef = 99A82BB52AF0FD5200B915C7 /* AuthManager.swift */; };
		99A82BB82AF0FD5C00B915C7 /* APICaller.swift in Sources */ = {isa = PBXBuildFile; fileRef = 99A82BB72AF0FD5C00B915C7 /* APICaller.swift */; };
		99A82BBA2AF0FD6B00B915C7 /* HapticsManager.swift in Sources */ = {isa = PBXBuildFile; fileRef = 99A82BB92AF0FD6B00B915C7 /* HapticsManager.swift */; };
		99BBF9D12AF1637A00591193 /* Extensions.swift in Sources */ = {isa = PBXBuildFile; fileRef = 99BBF9D02AF1637A00591193 /* Extensions.swift */; };
		99BBF9D32AF18BF700591193 /* AuthResponse.swift in Sources */ = {isa = PBXBuildFile; fileRef = 99BBF9D22AF18BF700591193 /* AuthResponse.swift */; };
		99E5E8662AF102B700045D86 /* Playlist.swift in Sources */ = {isa = PBXBuildFile; fileRef = 99E5E8652AF102B700045D86 /* Playlist.swift */; };
		99E5E8682AF102C200045D86 /* AudioTrack.swift in Sources */ = {isa = PBXBuildFile; fileRef = 99E5E8672AF102C200045D86 /* AudioTrack.swift */; };
		99E5E86A2AF102C700045D86 /* Artist.swift in Sources */ = {isa = PBXBuildFile; fileRef = 99E5E8692AF102C700045D86 /* Artist.swift */; };
		99E5E86C2AF102D000045D86 /* UserProfile.swift in Sources */ = {isa = PBXBuildFile; fileRef = 99E5E86B2AF102D000045D86 /* UserProfile.swift */; };
		99F3FF252AF28380008FC82E /* SettingsModels.swift in Sources */ = {isa = PBXBuildFile; fileRef = 99F3FF242AF28380008FC82E /* SettingsModels.swift */; };
/* End PBXBuildFile section */

/* Begin PBXFileReference section */
		6976F73A3252DFE5AD91D024 /* Pods_Spotify.framework */ = {isa = PBXFileReference; explicitFileType = wrapper.framework; includeInIndex = 0; path = Pods_Spotify.framework; sourceTree = BUILT_PRODUCTS_DIR; };
		99A82B812AF0EF8000B915C7 /* Spotify.app */ = {isa = PBXFileReference; explicitFileType = wrapper.application; includeInIndex = 0; path = Spotify.app; sourceTree = BUILT_PRODUCTS_DIR; };
		99A82B842AF0EF8000B915C7 /* AppDelegate.swift */ = {isa = PBXFileReference; lastKnownFileType = sourcecode.swift; path = AppDelegate.swift; sourceTree = "<group>"; };
		99A82B862AF0EF8000B915C7 /* SceneDelegate.swift */ = {isa = PBXFileReference; lastKnownFileType = sourcecode.swift; path = SceneDelegate.swift; sourceTree = "<group>"; };
		99A82B882AF0EF8000B915C7 /* HomeViewController.swift */ = {isa = PBXFileReference; lastKnownFileType = sourcecode.swift; path = HomeViewController.swift; sourceTree = "<group>"; };
		99A82B8D2AF0EF8300B915C7 /* Assets.xcassets */ = {isa = PBXFileReference; lastKnownFileType = folder.assetcatalog; path = Assets.xcassets; sourceTree = "<group>"; };
		99A82B902AF0EF8300B915C7 /* Base */ = {isa = PBXFileReference; lastKnownFileType = file.storyboard; name = Base; path = Base.lproj/LaunchScreen.storyboard; sourceTree = "<group>"; };
		99A82B922AF0EF8300B915C7 /* Info.plist */ = {isa = PBXFileReference; lastKnownFileType = text.plist.xml; path = Info.plist; sourceTree = "<group>"; };
		99A82B9F2AF0FC3C00B915C7 /* TabBarViewController.swift */ = {isa = PBXFileReference; lastKnownFileType = sourcecode.swift; path = TabBarViewController.swift; sourceTree = "<group>"; };
		99A82BA12AF0FC9100B915C7 /* SearchViewController.swift */ = {isa = PBXFileReference; lastKnownFileType = sourcecode.swift; path = SearchViewController.swift; sourceTree = "<group>"; };
		99A82BA32AF0FCAC00B915C7 /* LibraryViewController.swift */ = {isa = PBXFileReference; lastKnownFileType = sourcecode.swift; path = LibraryViewController.swift; sourceTree = "<group>"; };
		99A82BA72AF0FCCD00B915C7 /* AuthViewController.swift */ = {isa = PBXFileReference; lastKnownFileType = sourcecode.swift; path = AuthViewController.swift; sourceTree = "<group>"; };
		99A82BA92AF0FCDC00B915C7 /* WelcomeViewController.swift */ = {isa = PBXFileReference; lastKnownFileType = sourcecode.swift; path = WelcomeViewController.swift; sourceTree = "<group>"; };
		99A82BAB2AF0FCEC00B915C7 /* SettingsViewController.swift */ = {isa = PBXFileReference; lastKnownFileType = sourcecode.swift; path = SettingsViewController.swift; sourceTree = "<group>"; };
		99A82BAD2AF0FCF800B915C7 /* ProfileViewController.swift */ = {isa = PBXFileReference; lastKnownFileType = sourcecode.swift; path = ProfileViewController.swift; sourceTree = "<group>"; };
		99A82BAF2AF0FD0500B915C7 /* PlayerViewController.swift */ = {isa = PBXFileReference; lastKnownFileType = sourcecode.swift; path = PlayerViewController.swift; sourceTree = "<group>"; };
		99A82BB12AF0FD1700B915C7 /* PlaylistViewController.swift */ = {isa = PBXFileReference; lastKnownFileType = sourcecode.swift; path = PlaylistViewController.swift; sourceTree = "<group>"; };
		99A82BB32AF0FD2700B915C7 /* SearchResultsViewController.swift */ = {isa = PBXFileReference; lastKnownFileType = sourcecode.swift; path = SearchResultsViewController.swift; sourceTree = "<group>"; };
		99A82BB52AF0FD5200B915C7 /* AuthManager.swift */ = {isa = PBXFileReference; lastKnownFileType = sourcecode.swift; path = AuthManager.swift; sourceTree = "<group>"; };
		99A82BB72AF0FD5C00B915C7 /* APICaller.swift */ = {isa = PBXFileReference; lastKnownFileType = sourcecode.swift; path = APICaller.swift; sourceTree = "<group>"; };
		99A82BB92AF0FD6B00B915C7 /* HapticsManager.swift */ = {isa = PBXFileReference; lastKnownFileType = sourcecode.swift; path = HapticsManager.swift; sourceTree = "<group>"; };
		99BBF9D02AF1637A00591193 /* Extensions.swift */ = {isa = PBXFileReference; lastKnownFileType = sourcecode.swift; path = Extensions.swift; sourceTree = "<group>"; };
		99BBF9D22AF18BF700591193 /* AuthResponse.swift */ = {isa = PBXFileReference; lastKnownFileType = sourcecode.swift; path = AuthResponse.swift; sourceTree = "<group>"; };
		99E5E8652AF102B700045D86 /* Playlist.swift */ = {isa = PBXFileReference; lastKnownFileType = sourcecode.swift; path = Playlist.swift; sourceTree = "<group>"; };
		99E5E8672AF102C200045D86 /* AudioTrack.swift */ = {isa = PBXFileReference; lastKnownFileType = sourcecode.swift; path = AudioTrack.swift; sourceTree = "<group>"; };
		99E5E8692AF102C700045D86 /* Artist.swift */ = {isa = PBXFileReference; lastKnownFileType = sourcecode.swift; path = Artist.swift; sourceTree = "<group>"; };
		99E5E86B2AF102D000045D86 /* UserProfile.swift */ = {isa = PBXFileReference; lastKnownFileType = sourcecode.swift; path = UserProfile.swift; sourceTree = "<group>"; };
		99F3FF242AF28380008FC82E /* SettingsModels.swift */ = {isa = PBXFileReference; lastKnownFileType = sourcecode.swift; path = SettingsModels.swift; sourceTree = "<group>"; };
		E0F24A4B90036382F21AEEC8 /* Pods-Spotify.debug.xcconfig */ = {isa = PBXFileReference; includeInIndex = 1; lastKnownFileType = text.xcconfig; name = "Pods-Spotify.debug.xcconfig"; path = "Target Support Files/Pods-Spotify/Pods-Spotify.debug.xcconfig"; sourceTree = "<group>"; };
		FAED822E388461C6649375C7 /* Pods-Spotify.release.xcconfig */ = {isa = PBXFileReference; includeInIndex = 1; lastKnownFileType = text.xcconfig; name = "Pods-Spotify.release.xcconfig"; path = "Target Support Files/Pods-Spotify/Pods-Spotify.release.xcconfig"; sourceTree = "<group>"; };
/* End PBXFileReference section */

/* Begin PBXFrameworksBuildPhase section */
		99A82B7E2AF0EF8000B915C7 /* Frameworks */ = {
			isa = PBXFrameworksBuildPhase;
			buildActionMask = 2147483647;
			files = (
				4EB12EC36B9B545076C91B6A /* Pods_Spotify.framework in Frameworks */,
			);
			runOnlyForDeploymentPostprocessing = 0;
		};
/* End PBXFrameworksBuildPhase section */

/* Begin PBXGroup section */
		1933BAAA483A86EEC51C4100 /* Frameworks */ = {
			isa = PBXGroup;
			children = (
				6976F73A3252DFE5AD91D024 /* Pods_Spotify.framework */,
			);
			name = Frameworks;
			sourceTree = "<group>";
		};
		4EB257AE69C6E63833DD3458 /* Pods */ = {
			isa = PBXGroup;
			children = (
				E0F24A4B90036382F21AEEC8 /* Pods-Spotify.debug.xcconfig */,
				FAED822E388461C6649375C7 /* Pods-Spotify.release.xcconfig */,
			);
			name = Pods;
			path = Pods;
			sourceTree = "<group>";
		};
		99A82B782AF0EF8000B915C7 = {
			isa = PBXGroup;
			children = (
				99A82B832AF0EF8000B915C7 /* Spotify */,
				99A82B822AF0EF8000B915C7 /* Products */,
				4EB257AE69C6E63833DD3458 /* Pods */,
				1933BAAA483A86EEC51C4100 /* Frameworks */,
			);
			sourceTree = "<group>";
		};
		99A82B822AF0EF8000B915C7 /* Products */ = {
			isa = PBXGroup;
			children = (
				99A82B812AF0EF8000B915C7 /* Spotify.app */,
			);
			name = Products;
			sourceTree = "<group>";
		};
		99A82B832AF0EF8000B915C7 /* Spotify */ = {
			isa = PBXGroup;
			children = (
				99A82B9E2AF0F05700B915C7 /* Resources */,
				99A82B9D2AF0F04E00B915C7 /* Managers */,
				99A82B9C2AF0F02300B915C7 /* Controllers */,
				99A82B9B2AF0F01500B915C7 /* ViewModels */,
				99A82B9A2AF0F00D00B915C7 /* Views */,
				99A82B982AF0EFFE00B915C7 /* Models */,
				99A82B922AF0EF8300B915C7 /* Info.plist */,
			);
			path = Spotify;
			sourceTree = "<group>";
		};
		99A82B982AF0EFFE00B915C7 /* Models */ = {
			isa = PBXGroup;
			children = (
				99E5E8652AF102B700045D86 /* Playlist.swift */,
				99E5E8672AF102C200045D86 /* AudioTrack.swift */,
				99E5E8692AF102C700045D86 /* Artist.swift */,
				99E5E86B2AF102D000045D86 /* UserProfile.swift */,
				99BBF9D22AF18BF700591193 /* AuthResponse.swift */,
				99F3FF242AF28380008FC82E /* SettingsModels.swift */,
			);
			path = Models;
			sourceTree = "<group>";
		};
		99A82B9A2AF0F00D00B915C7 /* Views */ = {
			isa = PBXGroup;
			children = (
				99A82B8F2AF0EF8300B915C7 /* LaunchScreen.storyboard */,
			);
			path = Views;
			sourceTree = "<group>";
		};
		99A82B9B2AF0F01500B915C7 /* ViewModels */ = {
			isa = PBXGroup;
			children = (
			);
			path = ViewModels;
			sourceTree = "<group>";
		};
		99A82B9C2AF0F02300B915C7 /* Controllers */ = {
			isa = PBXGroup;
			children = (
				99A82BA62AF0FCBC00B915C7 /* General */,
				99A82BA52AF0FCB600B915C7 /* Core */,
			);
			path = Controllers;
			sourceTree = "<group>";
		};
		99A82B9D2AF0F04E00B915C7 /* Managers */ = {
			isa = PBXGroup;
			children = (
				99A82BB52AF0FD5200B915C7 /* AuthManager.swift */,
				99A82BB72AF0FD5C00B915C7 /* APICaller.swift */,
				99A82BB92AF0FD6B00B915C7 /* HapticsManager.swift */,
			);
			path = Managers;
			sourceTree = "<group>";
		};
		99A82B9E2AF0F05700B915C7 /* Resources */ = {
			isa = PBXGroup;
			children = (
				99A82B8D2AF0EF8300B915C7 /* Assets.xcassets */,
				99A82B842AF0EF8000B915C7 /* AppDelegate.swift */,
				99A82B862AF0EF8000B915C7 /* SceneDelegate.swift */,
				99BBF9D02AF1637A00591193 /* Extensions.swift */,
			);
			path = Resources;
			sourceTree = "<group>";
		};
		99A82BA52AF0FCB600B915C7 /* Core */ = {
			isa = PBXGroup;
			children = (
				99A82B882AF0EF8000B915C7 /* HomeViewController.swift */,
				99A82B9F2AF0FC3C00B915C7 /* TabBarViewController.swift */,
				99A82BA12AF0FC9100B915C7 /* SearchViewController.swift */,
				99A82BA32AF0FCAC00B915C7 /* LibraryViewController.swift */,
			);
			path = Core;
			sourceTree = "<group>";
		};
		99A82BA62AF0FCBC00B915C7 /* General */ = {
			isa = PBXGroup;
			children = (
				99A82BA72AF0FCCD00B915C7 /* AuthViewController.swift */,
				99A82BA92AF0FCDC00B915C7 /* WelcomeViewController.swift */,
				99A82BAB2AF0FCEC00B915C7 /* SettingsViewController.swift */,
				99A82BAD2AF0FCF800B915C7 /* ProfileViewController.swift */,
				99A82BAF2AF0FD0500B915C7 /* PlayerViewController.swift */,
				99A82BB12AF0FD1700B915C7 /* PlaylistViewController.swift */,
				99A82BB32AF0FD2700B915C7 /* SearchResultsViewController.swift */,
			);
			path = General;
			sourceTree = "<group>";
		};
/* End PBXGroup section */

/* Begin PBXNativeTarget section */
		99A82B802AF0EF8000B915C7 /* Spotify */ = {
			isa = PBXNativeTarget;
			buildConfigurationList = 99A82B952AF0EF8300B915C7 /* Build configuration list for PBXNativeTarget "Spotify" */;
			buildPhases = (
				BAD6F293C4D4ACD98408A128 /* [CP] Check Pods Manifest.lock */,
				99A82B7D2AF0EF8000B915C7 /* Sources */,
				99A82B7E2AF0EF8000B915C7 /* Frameworks */,
				99A82B7F2AF0EF8000B915C7 /* Resources */,
				9673B77EDE8A77EF92C40D57 /* [CP] Embed Pods Frameworks */,
			);
			buildRules = (
			);
			dependencies = (
			);
			name = Spotify;
			productName = Spotify;
			productReference = 99A82B812AF0EF8000B915C7 /* Spotify.app */;
			productType = "com.apple.product-type.application";
		};
/* End PBXNativeTarget section */

/* Begin PBXProject section */
		99A82B792AF0EF8000B915C7 /* Project object */ = {
			isa = PBXProject;
			attributes = {
				BuildIndependentTargetsInParallel = 1;
				LastSwiftUpdateCheck = 1430;
				LastUpgradeCheck = 1430;
				TargetAttributes = {
					99A82B802AF0EF8000B915C7 = {
						CreatedOnToolsVersion = 14.3.1;
					};
				};
			};
			buildConfigurationList = 99A82B7C2AF0EF8000B915C7 /* Build configuration list for PBXProject "Spotify" */;
			compatibilityVersion = "Xcode 14.0";
			developmentRegion = en;
			hasScannedForEncodings = 0;
			knownRegions = (
				en,
				Base,
			);
			mainGroup = 99A82B782AF0EF8000B915C7;
			productRefGroup = 99A82B822AF0EF8000B915C7 /* Products */;
			projectDirPath = "";
			projectRoot = "";
			targets = (
				99A82B802AF0EF8000B915C7 /* Spotify */,
			);
		};
/* End PBXProject section */

/* Begin PBXResourcesBuildPhase section */
		99A82B7F2AF0EF8000B915C7 /* Resources */ = {
			isa = PBXResourcesBuildPhase;
			buildActionMask = 2147483647;
			files = (
				99A82B912AF0EF8300B915C7 /* LaunchScreen.storyboard in Resources */,
				99A82B8E2AF0EF8300B915C7 /* Assets.xcassets in Resources */,
			);
			runOnlyForDeploymentPostprocessing = 0;
		};
/* End PBXResourcesBuildPhase section */

/* Begin PBXShellScriptBuildPhase section */
		9673B77EDE8A77EF92C40D57 /* [CP] Embed Pods Frameworks */ = {
			isa = PBXShellScriptBuildPhase;
			buildActionMask = 2147483647;
			files = (
			);
			inputFileListPaths = (
				"${PODS_ROOT}/Target Support Files/Pods-Spotify/Pods-Spotify-frameworks-${CONFIGURATION}-input-files.xcfilelist",
			);
			name = "[CP] Embed Pods Frameworks";
			outputFileListPaths = (
				"${PODS_ROOT}/Target Support Files/Pods-Spotify/Pods-Spotify-frameworks-${CONFIGURATION}-output-files.xcfilelist",
			);
			runOnlyForDeploymentPostprocessing = 0;
			shellPath = /bin/sh;
			shellScript = "\"${PODS_ROOT}/Target Support Files/Pods-Spotify/Pods-Spotify-frameworks.sh\"\n";
			showEnvVarsInLog = 0;
		};
		BAD6F293C4D4ACD98408A128 /* [CP] Check Pods Manifest.lock */ = {
			isa = PBXShellScriptBuildPhase;
			buildActionMask = 2147483647;
			files = (
			);
			inputFileListPaths = (
			);
			inputPaths = (
				"${PODS_PODFILE_DIR_PATH}/Podfile.lock",
				"${PODS_ROOT}/Manifest.lock",
			);
			name = "[CP] Check Pods Manifest.lock";
			outputFileListPaths = (
			);
			outputPaths = (
				"$(DERIVED_FILE_DIR)/Pods-Spotify-checkManifestLockResult.txt",
			);
			runOnlyForDeploymentPostprocessing = 0;
			shellPath = /bin/sh;
			shellScript = "diff \"${PODS_PODFILE_DIR_PATH}/Podfile.lock\" \"${PODS_ROOT}/Manifest.lock\" > /dev/null\nif [ $? != 0 ] ; then\n    # print error to STDERR\n    echo \"error: The sandbox is not in sync with the Podfile.lock. Run 'pod install' or update your CocoaPods installation.\" >&2\n    exit 1\nfi\n# This output is used by Xcode 'outputs' to avoid re-running this script phase.\necho \"SUCCESS\" > \"${SCRIPT_OUTPUT_FILE_0}\"\n";
			showEnvVarsInLog = 0;
		};
/* End PBXShellScriptBuildPhase section */

/* Begin PBXSourcesBuildPhase section */
		99A82B7D2AF0EF8000B915C7 /* Sources */ = {
			isa = PBXSourcesBuildPhase;
			buildActionMask = 2147483647;
			files = (
				99A82BA22AF0FC9100B915C7 /* SearchViewController.swift in Sources */,
				99E5E86C2AF102D000045D86 /* UserProfile.swift in Sources */,
				99E5E8662AF102B700045D86 /* Playlist.swift in Sources */,
				99A82BB62AF0FD5200B915C7 /* AuthManager.swift in Sources */,
				99A82BB42AF0FD2700B915C7 /* SearchResultsViewController.swift in Sources */,
				99A82BAA2AF0FCDC00B915C7 /* WelcomeViewController.swift in Sources */,
				99A82BAE2AF0FCF800B915C7 /* ProfileViewController.swift in Sources */,
				99A82BA02AF0FC3C00B915C7 /* TabBarViewController.swift in Sources */,
				99BBF9D32AF18BF700591193 /* AuthResponse.swift in Sources */,
				99A82BBA2AF0FD6B00B915C7 /* HapticsManager.swift in Sources */,
				99E5E8682AF102C200045D86 /* AudioTrack.swift in Sources */,
				99A82B892AF0EF8000B915C7 /* HomeViewController.swift in Sources */,
				99A82BA82AF0FCCD00B915C7 /* AuthViewController.swift in Sources */,
				99A82B852AF0EF8000B915C7 /* AppDelegate.swift in Sources */,
				99BBF9D12AF1637A00591193 /* Extensions.swift in Sources */,
				99A82BA42AF0FCAC00B915C7 /* LibraryViewController.swift in Sources */,
				99E5E86A2AF102C700045D86 /* Artist.swift in Sources */,
				99F3FF252AF28380008FC82E /* SettingsModels.swift in Sources */,
				99A82BB22AF0FD1700B915C7 /* PlaylistViewController.swift in Sources */,
				99A82B872AF0EF8000B915C7 /* SceneDelegate.swift in Sources */,
				99A82BB02AF0FD0500B915C7 /* PlayerViewController.swift in Sources */,
				99A82BB82AF0FD5C00B915C7 /* APICaller.swift in Sources */,
				99A82BAC2AF0FCEC00B915C7 /* SettingsViewController.swift in Sources */,
			);
			runOnlyForDeploymentPostprocessing = 0;
		};
/* End PBXSourcesBuildPhase section */

/* Begin PBXVariantGroup section */
		99A82B8F2AF0EF8300B915C7 /* LaunchScreen.storyboard */ = {
			isa = PBXVariantGroup;
			children = (
				99A82B902AF0EF8300B915C7 /* Base */,
			);
			name = LaunchScreen.storyboard;
			sourceTree = "<group>";
		};
/* End PBXVariantGroup section */

/* Begin XCBuildConfiguration section */
		99A82B932AF0EF8300B915C7 /* Debug */ = {
			isa = XCBuildConfiguration;
			buildSettings = {
				ALWAYS_SEARCH_USER_PATHS = NO;
				CLANG_ANALYZER_NONNULL = YES;
				CLANG_ANALYZER_NUMBER_OBJECT_CONVERSION = YES_AGGRESSIVE;
				CLANG_CXX_LANGUAGE_STANDARD = "gnu++20";
				CLANG_ENABLE_MODULES = YES;
				CLANG_ENABLE_OBJC_ARC = YES;
				CLANG_ENABLE_OBJC_WEAK = YES;
				CLANG_WARN_BLOCK_CAPTURE_AUTORELEASING = YES;
				CLANG_WARN_BOOL_CONVERSION = YES;
				CLANG_WARN_COMMA = YES;
				CLANG_WARN_CONSTANT_CONVERSION = YES;
				CLANG_WARN_DEPRECATED_OBJC_IMPLEMENTATIONS = YES;
				CLANG_WARN_DIRECT_OBJC_ISA_USAGE = YES_ERROR;
				CLANG_WARN_DOCUMENTATION_COMMENTS = YES;
				CLANG_WARN_EMPTY_BODY = YES;
				CLANG_WARN_ENUM_CONVERSION = YES;
				CLANG_WARN_INFINITE_RECURSION = YES;
				CLANG_WARN_INT_CONVERSION = YES;
				CLANG_WARN_NON_LITERAL_NULL_CONVERSION = YES;
				CLANG_WARN_OBJC_IMPLICIT_RETAIN_SELF = YES;
				CLANG_WARN_OBJC_LITERAL_CONVERSION = YES;
				CLANG_WARN_OBJC_ROOT_CLASS = YES_ERROR;
				CLANG_WARN_QUOTED_INCLUDE_IN_FRAMEWORK_HEADER = YES;
				CLANG_WARN_RANGE_LOOP_ANALYSIS = YES;
				CLANG_WARN_STRICT_PROTOTYPES = YES;
				CLANG_WARN_SUSPICIOUS_MOVE = YES;
				CLANG_WARN_UNGUARDED_AVAILABILITY = YES_AGGRESSIVE;
				CLANG_WARN_UNREACHABLE_CODE = YES;
				CLANG_WARN__DUPLICATE_METHOD_MATCH = YES;
				COPY_PHASE_STRIP = NO;
				DEBUG_INFORMATION_FORMAT = dwarf;
				ENABLE_STRICT_OBJC_MSGSEND = YES;
				ENABLE_TESTABILITY = YES;
				GCC_C_LANGUAGE_STANDARD = gnu11;
				GCC_DYNAMIC_NO_PIC = NO;
				GCC_NO_COMMON_BLOCKS = YES;
				GCC_OPTIMIZATION_LEVEL = 0;
				GCC_PREPROCESSOR_DEFINITIONS = (
					"DEBUG=1",
					"$(inherited)",
				);
				GCC_WARN_64_TO_32_BIT_CONVERSION = YES;
				GCC_WARN_ABOUT_RETURN_TYPE = YES_ERROR;
				GCC_WARN_UNDECLARED_SELECTOR = YES;
				GCC_WARN_UNINITIALIZED_AUTOS = YES_AGGRESSIVE;
				GCC_WARN_UNUSED_FUNCTION = YES;
				GCC_WARN_UNUSED_VARIABLE = YES;
				IPHONEOS_DEPLOYMENT_TARGET = 16.4;
				MTL_ENABLE_DEBUG_INFO = INCLUDE_SOURCE;
				MTL_FAST_MATH = YES;
				ONLY_ACTIVE_ARCH = YES;
				SDKROOT = iphoneos;
				SWIFT_ACTIVE_COMPILATION_CONDITIONS = DEBUG;
				SWIFT_OPTIMIZATION_LEVEL = "-Onone";
			};
			name = Debug;
		};
		99A82B942AF0EF8300B915C7 /* Release */ = {
			isa = XCBuildConfiguration;
			buildSettings = {
				ALWAYS_SEARCH_USER_PATHS = NO;
				CLANG_ANALYZER_NONNULL = YES;
				CLANG_ANALYZER_NUMBER_OBJECT_CONVERSION = YES_AGGRESSIVE;
				CLANG_CXX_LANGUAGE_STANDARD = "gnu++20";
				CLANG_ENABLE_MODULES = YES;
				CLANG_ENABLE_OBJC_ARC = YES;
				CLANG_ENABLE_OBJC_WEAK = YES;
				CLANG_WARN_BLOCK_CAPTURE_AUTORELEASING = YES;
				CLANG_WARN_BOOL_CONVERSION = YES;
				CLANG_WARN_COMMA = YES;
				CLANG_WARN_CONSTANT_CONVERSION = YES;
				CLANG_WARN_DEPRECATED_OBJC_IMPLEMENTATIONS = YES;
				CLANG_WARN_DIRECT_OBJC_ISA_USAGE = YES_ERROR;
				CLANG_WARN_DOCUMENTATION_COMMENTS = YES;
				CLANG_WARN_EMPTY_BODY = YES;
				CLANG_WARN_ENUM_CONVERSION = YES;
				CLANG_WARN_INFINITE_RECURSION = YES;
				CLANG_WARN_INT_CONVERSION = YES;
				CLANG_WARN_NON_LITERAL_NULL_CONVERSION = YES;
				CLANG_WARN_OBJC_IMPLICIT_RETAIN_SELF = YES;
				CLANG_WARN_OBJC_LITERAL_CONVERSION = YES;
				CLANG_WARN_OBJC_ROOT_CLASS = YES_ERROR;
				CLANG_WARN_QUOTED_INCLUDE_IN_FRAMEWORK_HEADER = YES;
				CLANG_WARN_RANGE_LOOP_ANALYSIS = YES;
				CLANG_WARN_STRICT_PROTOTYPES = YES;
				CLANG_WARN_SUSPICIOUS_MOVE = YES;
				CLANG_WARN_UNGUARDED_AVAILABILITY = YES_AGGRESSIVE;
				CLANG_WARN_UNREACHABLE_CODE = YES;
				CLANG_WARN__DUPLICATE_METHOD_MATCH = YES;
				COPY_PHASE_STRIP = NO;
				DEBUG_INFORMATION_FORMAT = "dwarf-with-dsym";
				ENABLE_NS_ASSERTIONS = NO;
				ENABLE_STRICT_OBJC_MSGSEND = YES;
				GCC_C_LANGUAGE_STANDARD = gnu11;
				GCC_NO_COMMON_BLOCKS = YES;
				GCC_WARN_64_TO_32_BIT_CONVERSION = YES;
				GCC_WARN_ABOUT_RETURN_TYPE = YES_ERROR;
				GCC_WARN_UNDECLARED_SELECTOR = YES;
				GCC_WARN_UNINITIALIZED_AUTOS = YES_AGGRESSIVE;
				GCC_WARN_UNUSED_FUNCTION = YES;
				GCC_WARN_UNUSED_VARIABLE = YES;
				IPHONEOS_DEPLOYMENT_TARGET = 16.4;
				MTL_ENABLE_DEBUG_INFO = NO;
				MTL_FAST_MATH = YES;
				SDKROOT = iphoneos;
				SWIFT_COMPILATION_MODE = wholemodule;
				SWIFT_OPTIMIZATION_LEVEL = "-O";
				VALIDATE_PRODUCT = YES;
			};
			name = Release;
		};
		99A82B962AF0EF8300B915C7 /* Debug */ = {
			isa = XCBuildConfiguration;
			baseConfigurationReference = E0F24A4B90036382F21AEEC8 /* Pods-Spotify.debug.xcconfig */;
			buildSettings = {
				ASSETCATALOG_COMPILER_APPICON_NAME = AppIcon;
				ASSETCATALOG_COMPILER_GLOBAL_ACCENT_COLOR_NAME = AccentColor;
				CODE_SIGN_STYLE = Automatic;
				CURRENT_PROJECT_VERSION = 1;
				DEVELOPMENT_TEAM = DJAKTWW879;
				GENERATE_INFOPLIST_FILE = YES;
				INFOPLIST_FILE = Spotify/Info.plist;
				INFOPLIST_KEY_UIApplicationSupportsIndirectInputEvents = YES;
				INFOPLIST_KEY_UILaunchStoryboardName = LaunchScreen;
				INFOPLIST_KEY_UISupportedInterfaceOrientations_iPad = "UIInterfaceOrientationPortrait UIInterfaceOrientationPortraitUpsideDown UIInterfaceOrientationLandscapeLeft UIInterfaceOrientationLandscapeRight";
				INFOPLIST_KEY_UISupportedInterfaceOrientations_iPhone = "UIInterfaceOrientationPortrait UIInterfaceOrientationLandscapeLeft UIInterfaceOrientationLandscapeRight";
				LD_RUNPATH_SEARCH_PATHS = (
					"$(inherited)",
					"@executable_path/Frameworks",
				);
				MARKETING_VERSION = 1.0;
				PRODUCT_BUNDLE_IDENTIFIER = arda.buyukhatipoglu.Spotify;
				PRODUCT_NAME = "$(TARGET_NAME)";
				SWIFT_EMIT_LOC_STRINGS = YES;
				SWIFT_VERSION = 5.0;
				TARGETED_DEVICE_FAMILY = "1,2";
			};
			name = Debug;
		};
		99A82B972AF0EF8300B915C7 /* Release */ = {
			isa = XCBuildConfiguration;
			baseConfigurationReference = FAED822E388461C6649375C7 /* Pods-Spotify.release.xcconfig */;
			buildSettings = {
				ASSETCATALOG_COMPILER_APPICON_NAME = AppIcon;
				ASSETCATALOG_COMPILER_GLOBAL_ACCENT_COLOR_NAME = AccentColor;
				CODE_SIGN_STYLE = Automatic;
				CURRENT_PROJECT_VERSION = 1;
				DEVELOPMENT_TEAM = DJAKTWW879;
				GENERATE_INFOPLIST_FILE = YES;
				INFOPLIST_FILE = Spotify/Info.plist;
				INFOPLIST_KEY_UIApplicationSupportsIndirectInputEvents = YES;
				INFOPLIST_KEY_UILaunchStoryboardName = LaunchScreen;
				INFOPLIST_KEY_UISupportedInterfaceOrientations_iPad = "UIInterfaceOrientationPortrait UIInterfaceOrientationPortraitUpsideDown UIInterfaceOrientationLandscapeLeft UIInterfaceOrientationLandscapeRight";
				INFOPLIST_KEY_UISupportedInterfaceOrientations_iPhone = "UIInterfaceOrientationPortrait UIInterfaceOrientationLandscapeLeft UIInterfaceOrientationLandscapeRight";
				LD_RUNPATH_SEARCH_PATHS = (
					"$(inherited)",
					"@executable_path/Frameworks",
				);
				MARKETING_VERSION = 1.0;
				PRODUCT_BUNDLE_IDENTIFIER = arda.buyukhatipoglu.Spotify;
				PRODUCT_NAME = "$(TARGET_NAME)";
				SWIFT_EMIT_LOC_STRINGS = YES;
				SWIFT_VERSION = 5.0;
				TARGETED_DEVICE_FAMILY = "1,2";
			};
			name = Release;
		};
/* End XCBuildConfiguration section */

/* Begin XCConfigurationList section */
		99A82B7C2AF0EF8000B915C7 /* Build configuration list for PBXProject "Spotify" */ = {
			isa = XCConfigurationList;
			buildConfigurations = (
				99A82B932AF0EF8300B915C7 /* Debug */,
				99A82B942AF0EF8300B915C7 /* Release */,
			);
			defaultConfigurationIsVisible = 0;
			defaultConfigurationName = Release;
		};
		99A82B952AF0EF8300B915C7 /* Build configuration list for PBXNativeTarget "Spotify" */ = {
			isa = XCConfigurationList;
			buildConfigurations = (
				99A82B962AF0EF8300B915C7 /* Debug */,
				99A82B972AF0EF8300B915C7 /* Release */,
			);
			defaultConfigurationIsVisible = 0;
			defaultConfigurationName = Release;
		};
/* End XCConfigurationList section */
	};
	rootObject = 99A82B792AF0EF8000B915C7 /* Project object */;
}
